
Microsoft Visual Studio Solution File, Format Version 12.00
# Visual Studio Version 16
VisualStudioVersion = 16.0.29609.76
MinimumVisualStudioVersion = 10.0.40219.1
Project("{9A19103F-16F7-4668-BE54-9A1E7A4F7556}") = "EpisodeScore", "..\..\..\Source\Repos\EpisodeScore\EpisodeScore\EpisodeScore.csproj", "{0E819B92-A682-4359-8636-8DF1AAB30AD5}"
EndProject
Project("{9A19103F-16F7-4668-BE54-9A1E7A4F7556}") = "ClassLibrary", "..\..\..\Source\Repos\EpisodeScore\ClassLibrary\ClassLibrary.csproj", "{116E7FD4-0129-4EEE-8801-72ADD90F1EA0}"
EndProject
Global
	GlobalSection(SolutionConfigurationPlatforms) = preSolution
		Debug|Any CPU = Debug|Any CPU
		Release|Any CPU = Release|Any CPU
	EndGlobalSection
	GlobalSection(ProjectConfigurationPlatforms) = postSolution
		{0E819B92-A682-4359-8636-8DF1AAB30AD5}.Debug|Any CPU.ActiveCfg = Debug|Any CPU
		{0E819B92-A682-4359-8636-8DF1AAB30AD5}.Debug|Any CPU.Build.0 = Debug|Any CPU
		{0E819B92-A682-4359-8636-8DF1AAB30AD5}.Release|Any CPU.ActiveCfg = Release|Any CPU
		{0E819B92-A682-4359-8636-8DF1AAB30AD5}.Release|Any CPU.Build.0 = Release|Any CPU
		{116E7FD4-0129-4EEE-8801-72ADD90F1EA0}.Debug|Any CPU.ActiveCfg = Debug|Any CPU
		{116E7FD4-0129-4EEE-8801-72ADD90F1EA0}.Debug|Any CPU.Build.0 = Debug|Any CPU
		{116E7FD4-0129-4EEE-8801-72ADD90F1EA0}.Release|Any CPU.ActiveCfg = Release|Any CPU
		{116E7FD4-0129-4EEE-8801-72ADD90F1EA0}.Release|Any CPU.Build.0 = Release|Any CPU
	EndGlobalSection
	GlobalSection(SolutionProperties) = preSolution
		HideSolutionNode = FALSE
	EndGlobalSection
	GlobalSection(ExtensibilityGlobals) = postSolution
		SolutionGuid = {B975EEA1-C0B4-4DB9-BF9B-10EBF79180FB}
	EndGlobalSection
EndGlobal
