
Microsoft Visual Studio Solution File, Format Version 12.00
# Visual Studio Version 16
VisualStudioVersion = 16.0.29609.76
MinimumVisualStudioVersion = 10.0.40219.1
Project("{FAE04EC0-301F-11D3-BF4B-00C04F79EFBC}") = "Zadaca2", "Zadaca2\Zadaca2.csproj", "{E6C8AD8E-E60C-40C8-8C33-433F9640BE48}"
EndProject
Project("{FAE04EC0-301F-11D3-BF4B-00C04F79EFBC}") = "ClassLibrary", "ClassLibrary\ClassLibrary.csproj", "{D8D13BF3-D7E0-44A2-82BD-754917071BD3}"
EndProject
Global
	GlobalSection(SolutionConfigurationPlatforms) = preSolution
		Debug|Any CPU = Debug|Any CPU
		Release|Any CPU = Release|Any CPU
	EndGlobalSection
	GlobalSection(ProjectConfigurationPlatforms) = postSolution
		{E6C8AD8E-E60C-40C8-8C33-433F9640BE48}.Debug|Any CPU.ActiveCfg = Debug|Any CPU
		{E6C8AD8E-E60C-40C8-8C33-433F9640BE48}.Debug|Any CPU.Build.0 = Debug|Any CPU
		{E6C8AD8E-E60C-40C8-8C33-433F9640BE48}.Release|Any CPU.ActiveCfg = Release|Any CPU
		{E6C8AD8E-E60C-40C8-8C33-433F9640BE48}.Release|Any CPU.Build.0 = Release|Any CPU
		{D8D13BF3-D7E0-44A2-82BD-754917071BD3}.Debug|Any CPU.ActiveCfg = Debug|Any CPU
		{D8D13BF3-D7E0-44A2-82BD-754917071BD3}.Debug|Any CPU.Build.0 = Debug|Any CPU
		{D8D13BF3-D7E0-44A2-82BD-754917071BD3}.Release|Any CPU.ActiveCfg = Release|Any CPU
		{D8D13BF3-D7E0-44A2-82BD-754917071BD3}.Release|Any CPU.Build.0 = Release|Any CPU
	EndGlobalSection
	GlobalSection(SolutionProperties) = preSolution
		HideSolutionNode = FALSE
	EndGlobalSection
	GlobalSection(ExtensibilityGlobals) = postSolution
		SolutionGuid = {B8D0DB6B-99F0-45C1-9D50-BC46865C935F}
	EndGlobalSection
EndGlobal
